
Microsoft Visual Studio Solution File, Format Version 12.00
# Visual Studio Version 17
VisualStudioVersion = 17.10.35013.160
MinimumVisualStudioVersion = 10.0.40219.1
Project("{FAE04EC0-301F-11D3-BF4B-00C04F79EFBC}") = "mangaCatalog", "mangaCatalog\mangaCatalog.csproj", "{00B2BD5A-FEA6-43EC-8E46-09C940B27AAD}"
EndProject
Global
	GlobalSection(SolutionConfigurationPlatforms) = preSolution
		Debug|Any CPU = Debug|Any CPU
		Release|Any CPU = Release|Any CPU
	EndGlobalSection
	GlobalSection(ProjectConfigurationPlatforms) = postSolution
		{00B2BD5A-FEA6-43EC-8E46-09C940B27AAD}.Debug|Any CPU.ActiveCfg = Debug|Any CPU
		{00B2BD5A-FEA6-43EC-8E46-09C940B27AAD}.Debug|Any CPU.Build.0 = Debug|Any CPU
		{00B2BD5A-FEA6-43EC-8E46-09C940B27AAD}.Release|Any CPU.ActiveCfg = Release|Any CPU
		{00B2BD5A-FEA6-43EC-8E46-09C940B27AAD}.Release|Any CPU.Build.0 = Release|Any CPU
	EndGlobalSection
	GlobalSection(SolutionProperties) = preSolution
		HideSolutionNode = FALSE
	EndGlobalSection
	GlobalSection(ExtensibilityGlobals) = postSolution
		SolutionGuid = {8A36F54A-A36D-4F98-B191-6B7AC6A43B52}
	EndGlobalSection
EndGlobal
